{
  "name": "bracketcss-watcher",
  "version": "0.4.1",
  "lockfileVersion": 1,
  "requires": true,
  "dependencies": {
    "bracketcss": {
      "version": "0.4.1",
      "resolved": "https://registry.npmjs.org/bracketcss/-/bracketcss-0.4.1.tgz",
      "integrity": "sha512-s8ZA07dfQfzVndE9BQnfRvAq60QHUX3rqrENGLb8jPJIX9KODv9+tZF3CAkDSdbTtefCfkpJpv/Z2Rmb1y2/uw=="
    },
    "fs": {
      "version": "0.0.1-security",
      "resolved": "https://registry.npmjs.org/fs/-/fs-0.0.1-security.tgz",
      "integrity": "sha1-invTcYa23d84E/I4WLV+yq9eQdQ="
    },
    "hound": {
      "version": "1.0.5",
      "resolved": "https://registry.npmjs.org/hound/-/hound-1.0.5.tgz",
      "integrity": "sha1-WbvTkiDrSlQd/04t40HW2vb4ook="
    }
  }
}
