{
  "name": "bracketcss-watcher",
  "version": "0.3.2",
  "lockfileVersion": 1,
  "requires": true,
  "dependencies": {
    "bracketcss": {
      "version": "0.3.4",
      "resolved": "https://registry.npmjs.org/bracketcss/-/bracketcss-0.3.4.tgz",
      "integrity": "sha512-/bMG0+rB5slGqbeB9pB1M0Ww59+n+Fo2mgLxTwcWJ7pV6xIT2Ua16q9YdZ7y1pe3Ojakw2+1FO65pxcYOy8S2Q=="
    },
    "fs": {
      "version": "0.0.1-security",
      "resolved": "https://registry.npmjs.org/fs/-/fs-0.0.1-security.tgz",
      "integrity": "sha1-invTcYa23d84E/I4WLV+yq9eQdQ="
    },
    "hound": {
      "version": "1.0.5",
      "resolved": "https://registry.npmjs.org/hound/-/hound-1.0.5.tgz",
      "integrity": "sha1-WbvTkiDrSlQd/04t40HW2vb4ook="
    }
  }
}
