{
  "name": "bracketcss-watcher",
  "version": "0.1.0",
  "lockfileVersion": 1,
  "requires": true,
  "dependencies": {
    "bracketcss": {
      "version": "0.1.0",
      "resolved": "https://registry.npmjs.org/bracketcss/-/bracketcss-0.1.0.tgz",
      "integrity": "sha512-rHUL+HhaxFYqUFZyVzJyheOZzS3RmT4uotYeSZVBlfQz8MDD++JNBBQtaVJvltgg0Ikkg8tUFVz91190gZV0cw=="
    },
    "hound": {
      "version": "1.0.5",
      "resolved": "https://registry.npmjs.org/hound/-/hound-1.0.5.tgz",
      "integrity": "sha1-WbvTkiDrSlQd/04t40HW2vb4ook="
    }
  }
}
